
Microsoft Visual Studio Solution File, Format Version 12.00
# Visual Studio Version 17
VisualStudioVersion = 17.5.33516.290
MinimumVisualStudioVersion = 10.0.40219.1
Project("{9A19103F-16F7-4668-BE54-9A1E7A4F7556}") = "Integrator", "Vertical Slices\Integrator.csproj", "{CAA4B03C-627D-48AD-9C1D-1B319FE17D63}"
EndProject
Project("{9A19103F-16F7-4668-BE54-9A1E7A4F7556}") = "Core", "Application\Core.csproj", "{D87B8FD7-64F4-47C4-AEFF-9C195219163D}"
EndProject
Project("{9A19103F-16F7-4668-BE54-9A1E7A4F7556}") = "Domain", "Domain\Domain.csproj", "{2F0FAA20-7C16-4B4C-950F-2BAE468D496E}"
EndProject
Project("{9A19103F-16F7-4668-BE54-9A1E7A4F7556}") = "Infrastructure", "Infrastructure\Infrastructure.csproj", "{CD6935E9-B509-424A-950E-A0DFAB42D5F6}"
EndProject
Global
	GlobalSection(SolutionConfigurationPlatforms) = preSolution
		Debug|Any CPU = Debug|Any CPU
		Release|Any CPU = Release|Any CPU
	EndGlobalSection
	GlobalSection(ProjectConfigurationPlatforms) = postSolution
		{CAA4B03C-627D-48AD-9C1D-1B319FE17D63}.Debug|Any CPU.ActiveCfg = Debug|Any CPU
		{CAA4B03C-627D-48AD-9C1D-1B319FE17D63}.Debug|Any CPU.Build.0 = Debug|Any CPU
		{CAA4B03C-627D-48AD-9C1D-1B319FE17D63}.Release|Any CPU.ActiveCfg = Release|Any CPU
		{CAA4B03C-627D-48AD-9C1D-1B319FE17D63}.Release|Any CPU.Build.0 = Release|Any CPU
		{D87B8FD7-64F4-47C4-AEFF-9C195219163D}.Debug|Any CPU.ActiveCfg = Debug|Any CPU
		{D87B8FD7-64F4-47C4-AEFF-9C195219163D}.Debug|Any CPU.Build.0 = Debug|Any CPU
		{D87B8FD7-64F4-47C4-AEFF-9C195219163D}.Release|Any CPU.ActiveCfg = Release|Any CPU
		{D87B8FD7-64F4-47C4-AEFF-9C195219163D}.Release|Any CPU.Build.0 = Release|Any CPU
		{2F0FAA20-7C16-4B4C-950F-2BAE468D496E}.Debug|Any CPU.ActiveCfg = Debug|Any CPU
		{2F0FAA20-7C16-4B4C-950F-2BAE468D496E}.Debug|Any CPU.Build.0 = Debug|Any CPU
		{2F0FAA20-7C16-4B4C-950F-2BAE468D496E}.Release|Any CPU.ActiveCfg = Release|Any CPU
		{2F0FAA20-7C16-4B4C-950F-2BAE468D496E}.Release|Any CPU.Build.0 = Release|Any CPU
		{CD6935E9-B509-424A-950E-A0DFAB42D5F6}.Debug|Any CPU.ActiveCfg = Debug|Any CPU
		{CD6935E9-B509-424A-950E-A0DFAB42D5F6}.Debug|Any CPU.Build.0 = Debug|Any CPU
		{CD6935E9-B509-424A-950E-A0DFAB42D5F6}.Release|Any CPU.ActiveCfg = Release|Any CPU
		{CD6935E9-B509-424A-950E-A0DFAB42D5F6}.Release|Any CPU.Build.0 = Release|Any CPU
	EndGlobalSection
	GlobalSection(SolutionProperties) = preSolution
		HideSolutionNode = FALSE
	EndGlobalSection
	GlobalSection(ExtensibilityGlobals) = postSolution
		SolutionGuid = {653AE7A1-A4C4-42F2-9804-FE7E032C3E8C}
	EndGlobalSection
EndGlobal
