
Microsoft Visual Studio Solution File, Format Version 12.00
# Visual Studio Version 17
VisualStudioVersion = 17.5.33516.290
MinimumVisualStudioVersion = 10.0.40219.1
Project("{2150E333-8FDC-42A3-9474-1A3956D46DE8}") = "src", "src", "{E846D8C9-E927-43E8-8B46-CEA3ADB50F6F}"
EndProject
Project("{9A19103F-16F7-4668-BE54-9A1E7A4F7556}") = "VSlices.Core.Abstracts", "VSlices.Core.Abstracts\VSlices.Core.Abstracts.csproj", "{1CFAE6A3-7928-439E-B090-78924A0FCA58}"
EndProject
Project("{9A19103F-16F7-4668-BE54-9A1E7A4F7556}") = "VSlices.Core.BusinessLogic", "VSlices.Core.BusinessLogic\VSlices.Core.BusinessLogic.csproj", "{34A5731E-BA8A-453D-991B-743EA7AF233B}"
EndProject
Project("{9A19103F-16F7-4668-BE54-9A1E7A4F7556}") = "VSlices.Core.BusinessLogic.FluentValidation", "VSlices.Core.BusinessLogic.FluentValidation\VSlices.Core.BusinessLogic.FluentValidation.csproj", "{7E3C3A6D-E865-48F6-BEF9-8D8695952245}"
EndProject
Project("{9A19103F-16F7-4668-BE54-9A1E7A4F7556}") = "VSlices.Core.DataAccess.EntityFramework", "VSlices.Core.DataAccess.EntityFramework\VSlices.Core.DataAccess.EntityFramework.csproj", "{B5BB0444-673D-4D62-93BA-5B66242C8AAD}"
EndProject
Project("{2150E333-8FDC-42A3-9474-1A3956D46DE8}") = "tests", "tests", "{6F484706-EDFC-49EF-A419-D3F6943C2E36}"
EndProject
Project("{9A19103F-16F7-4668-BE54-9A1E7A4F7556}") = "VSlices.Core.Abstracts.UnitTests", "VSlices.Core.Abstracts.UnitTests\VSlices.Core.Abstracts.UnitTests.csproj", "{89F57C6A-A1C1-4907-9982-AE4E731198DA}"
EndProject
Project("{9A19103F-16F7-4668-BE54-9A1E7A4F7556}") = "VSlices.Core.BusinessLogic.UnitTests", "VSlices.Core.BusinessLogic.UnitTests\VSlices.Core.BusinessLogic.UnitTests.csproj", "{DFDFAD02-CBFE-4EE1-9B26-8D5823E9EB41}"
EndProject
Project("{9A19103F-16F7-4668-BE54-9A1E7A4F7556}") = "VSlices.Core.BusinessLogic.FluentValidation.UnitTests", "VSlices.Core.BusinessLogic.FluentValidation.UnitTests\VSlices.Core.BusinessLogic.FluentValidation.UnitTests.csproj", "{1E88D830-F603-402A-9152-DA9DE54D0576}"
EndProject
Project("{9A19103F-16F7-4668-BE54-9A1E7A4F7556}") = "VSlices.Core.DataAccess.EntityFramework.UnitTests", "VSlices.Core.DataAccess.EntityFramework.UnitTests\VSlices.Core.DataAccess.EntityFramework.UnitTests.csproj", "{F344E240-D8F8-4528-B034-98ABCD406DCA}"
EndProject
Project("{9A19103F-16F7-4668-BE54-9A1E7A4F7556}") = "VSlices.Core.Sender.Reflection", "VSlices.Core.Sender.Reflection\VSlices.Core.Sender.Reflection.csproj", "{2C8CAAC8-AEC7-4317-B22F-ED9953E9465D}"
EndProject
Project("{9A19103F-16F7-4668-BE54-9A1E7A4F7556}") = "VSlices.Core.Sender.Reflection.IntegTests", "VSlices.Core.Sender.Reflection.IntegTests\VSlices.Core.Sender.Reflection.IntegTests.csproj", "{09545265-C876-4F3A-8D4C-C951D099F074}"
EndProject
Project("{9A19103F-16F7-4668-BE54-9A1E7A4F7556}") = "VSlices.CrossCutting.Validation.FluentValidation", "VSlices.CrossCutting.Validation.FluentValidation\VSlices.CrossCutting.Validation.FluentValidation.csproj", "{3B6897C6-E911-4F67-9659-DA0EDB6CF390}"
EndProject
Project("{9A19103F-16F7-4668-BE54-9A1E7A4F7556}") = "VSlices.CrossCutting.Validation", "VSlices.CrossCutting.Validation\VSlices.CrossCutting.Validation.csproj", "{E69ED2A4-42CF-4AC1-A06C-A9F9B0CC8C5B}"
EndProject
Project("{9A19103F-16F7-4668-BE54-9A1E7A4F7556}") = "VSlices.CrossCutting.Validation.UnitTests", "VSlices.CrossCutting.Validation.UnitTests\VSlices.CrossCutting.Validation.UnitTests.csproj", "{51A3651D-068B-413B-A8E7-99F0A5BE408E}"
EndProject
Project("{9A19103F-16F7-4668-BE54-9A1E7A4F7556}") = "VSlices.CrossCutting.Validation.FluentValidation.UnitTests", "VSlices.CrossCutting.Validation.FluentValidation.UnitTests\VSlices.CrossCutting.Validation.FluentValidation.UnitTests.csproj", "{4A044F04-ACCB-463E-8033-009FE1E1BAFC}"
EndProject
Project("{2150E333-8FDC-42A3-9474-1A3956D46DE8}") = "Core", "Core", "{0D8209DB-7023-48E6-85ED-028BF82BA802}"
EndProject
Project("{2150E333-8FDC-42A3-9474-1A3956D46DE8}") = "CrossCutting", "CrossCutting", "{1EF8335F-D997-4E35-861D-1023A245AD9E}"
EndProject
Project("{2150E333-8FDC-42A3-9474-1A3956D46DE8}") = "Core", "Core", "{45B6CAFB-D06E-4530-8546-F9C7BAE95D96}"
EndProject
Project("{2150E333-8FDC-42A3-9474-1A3956D46DE8}") = "CrossCutting", "CrossCutting", "{671D1A3F-CE83-4CA1-90CD-F42C1F124E28}"
EndProject
Project("{2150E333-8FDC-42A3-9474-1A3956D46DE8}") = "BusinessLogic", "BusinessLogic", "{A204570A-C4BD-4F8D-9368-A6618A7F3A7F}"
EndProject
Project("{2150E333-8FDC-42A3-9474-1A3956D46DE8}") = "BusinessLogic", "BusinessLogic", "{C9B0D647-20C1-4D71-997D-5DE29813E28A}"
EndProject
Global
	GlobalSection(SolutionConfigurationPlatforms) = preSolution
		Debug|Any CPU = Debug|Any CPU
		Release|Any CPU = Release|Any CPU
	EndGlobalSection
	GlobalSection(ProjectConfigurationPlatforms) = postSolution
		{1CFAE6A3-7928-439E-B090-78924A0FCA58}.Debug|Any CPU.ActiveCfg = Debug|Any CPU
		{1CFAE6A3-7928-439E-B090-78924A0FCA58}.Debug|Any CPU.Build.0 = Debug|Any CPU
		{1CFAE6A3-7928-439E-B090-78924A0FCA58}.Release|Any CPU.ActiveCfg = Release|Any CPU
		{1CFAE6A3-7928-439E-B090-78924A0FCA58}.Release|Any CPU.Build.0 = Release|Any CPU
		{34A5731E-BA8A-453D-991B-743EA7AF233B}.Debug|Any CPU.ActiveCfg = Debug|Any CPU
		{34A5731E-BA8A-453D-991B-743EA7AF233B}.Debug|Any CPU.Build.0 = Debug|Any CPU
		{34A5731E-BA8A-453D-991B-743EA7AF233B}.Release|Any CPU.ActiveCfg = Release|Any CPU
		{34A5731E-BA8A-453D-991B-743EA7AF233B}.Release|Any CPU.Build.0 = Release|Any CPU
		{7E3C3A6D-E865-48F6-BEF9-8D8695952245}.Debug|Any CPU.ActiveCfg = Debug|Any CPU
		{7E3C3A6D-E865-48F6-BEF9-8D8695952245}.Debug|Any CPU.Build.0 = Debug|Any CPU
		{7E3C3A6D-E865-48F6-BEF9-8D8695952245}.Release|Any CPU.ActiveCfg = Release|Any CPU
		{7E3C3A6D-E865-48F6-BEF9-8D8695952245}.Release|Any CPU.Build.0 = Release|Any CPU
		{B5BB0444-673D-4D62-93BA-5B66242C8AAD}.Debug|Any CPU.ActiveCfg = Debug|Any CPU
		{B5BB0444-673D-4D62-93BA-5B66242C8AAD}.Debug|Any CPU.Build.0 = Debug|Any CPU
		{B5BB0444-673D-4D62-93BA-5B66242C8AAD}.Release|Any CPU.ActiveCfg = Release|Any CPU
		{B5BB0444-673D-4D62-93BA-5B66242C8AAD}.Release|Any CPU.Build.0 = Release|Any CPU
		{89F57C6A-A1C1-4907-9982-AE4E731198DA}.Debug|Any CPU.ActiveCfg = Debug|Any CPU
		{89F57C6A-A1C1-4907-9982-AE4E731198DA}.Debug|Any CPU.Build.0 = Debug|Any CPU
		{89F57C6A-A1C1-4907-9982-AE4E731198DA}.Release|Any CPU.ActiveCfg = Release|Any CPU
		{89F57C6A-A1C1-4907-9982-AE4E731198DA}.Release|Any CPU.Build.0 = Release|Any CPU
		{DFDFAD02-CBFE-4EE1-9B26-8D5823E9EB41}.Debug|Any CPU.ActiveCfg = Debug|Any CPU
		{DFDFAD02-CBFE-4EE1-9B26-8D5823E9EB41}.Debug|Any CPU.Build.0 = Debug|Any CPU
		{DFDFAD02-CBFE-4EE1-9B26-8D5823E9EB41}.Release|Any CPU.ActiveCfg = Release|Any CPU
		{DFDFAD02-CBFE-4EE1-9B26-8D5823E9EB41}.Release|Any CPU.Build.0 = Release|Any CPU
		{1E88D830-F603-402A-9152-DA9DE54D0576}.Debug|Any CPU.ActiveCfg = Debug|Any CPU
		{1E88D830-F603-402A-9152-DA9DE54D0576}.Debug|Any CPU.Build.0 = Debug|Any CPU
		{1E88D830-F603-402A-9152-DA9DE54D0576}.Release|Any CPU.ActiveCfg = Release|Any CPU
		{1E88D830-F603-402A-9152-DA9DE54D0576}.Release|Any CPU.Build.0 = Release|Any CPU
		{F344E240-D8F8-4528-B034-98ABCD406DCA}.Debug|Any CPU.ActiveCfg = Debug|Any CPU
		{F344E240-D8F8-4528-B034-98ABCD406DCA}.Debug|Any CPU.Build.0 = Debug|Any CPU
		{F344E240-D8F8-4528-B034-98ABCD406DCA}.Release|Any CPU.ActiveCfg = Release|Any CPU
		{F344E240-D8F8-4528-B034-98ABCD406DCA}.Release|Any CPU.Build.0 = Release|Any CPU
		{2C8CAAC8-AEC7-4317-B22F-ED9953E9465D}.Debug|Any CPU.ActiveCfg = Debug|Any CPU
		{2C8CAAC8-AEC7-4317-B22F-ED9953E9465D}.Debug|Any CPU.Build.0 = Debug|Any CPU
		{2C8CAAC8-AEC7-4317-B22F-ED9953E9465D}.Release|Any CPU.ActiveCfg = Release|Any CPU
		{2C8CAAC8-AEC7-4317-B22F-ED9953E9465D}.Release|Any CPU.Build.0 = Release|Any CPU
		{09545265-C876-4F3A-8D4C-C951D099F074}.Debug|Any CPU.ActiveCfg = Debug|Any CPU
		{09545265-C876-4F3A-8D4C-C951D099F074}.Debug|Any CPU.Build.0 = Debug|Any CPU
		{09545265-C876-4F3A-8D4C-C951D099F074}.Release|Any CPU.ActiveCfg = Release|Any CPU
		{09545265-C876-4F3A-8D4C-C951D099F074}.Release|Any CPU.Build.0 = Release|Any CPU
		{3B6897C6-E911-4F67-9659-DA0EDB6CF390}.Debug|Any CPU.ActiveCfg = Debug|Any CPU
		{3B6897C6-E911-4F67-9659-DA0EDB6CF390}.Debug|Any CPU.Build.0 = Debug|Any CPU
		{3B6897C6-E911-4F67-9659-DA0EDB6CF390}.Release|Any CPU.ActiveCfg = Release|Any CPU
		{3B6897C6-E911-4F67-9659-DA0EDB6CF390}.Release|Any CPU.Build.0 = Release|Any CPU
		{E69ED2A4-42CF-4AC1-A06C-A9F9B0CC8C5B}.Debug|Any CPU.ActiveCfg = Debug|Any CPU
		{E69ED2A4-42CF-4AC1-A06C-A9F9B0CC8C5B}.Debug|Any CPU.Build.0 = Debug|Any CPU
		{E69ED2A4-42CF-4AC1-A06C-A9F9B0CC8C5B}.Release|Any CPU.ActiveCfg = Release|Any CPU
		{E69ED2A4-42CF-4AC1-A06C-A9F9B0CC8C5B}.Release|Any CPU.Build.0 = Release|Any CPU
		{51A3651D-068B-413B-A8E7-99F0A5BE408E}.Debug|Any CPU.ActiveCfg = Debug|Any CPU
		{51A3651D-068B-413B-A8E7-99F0A5BE408E}.Debug|Any CPU.Build.0 = Debug|Any CPU
		{51A3651D-068B-413B-A8E7-99F0A5BE408E}.Release|Any CPU.ActiveCfg = Release|Any CPU
		{51A3651D-068B-413B-A8E7-99F0A5BE408E}.Release|Any CPU.Build.0 = Release|Any CPU
		{4A044F04-ACCB-463E-8033-009FE1E1BAFC}.Debug|Any CPU.ActiveCfg = Debug|Any CPU
		{4A044F04-ACCB-463E-8033-009FE1E1BAFC}.Debug|Any CPU.Build.0 = Debug|Any CPU
		{4A044F04-ACCB-463E-8033-009FE1E1BAFC}.Release|Any CPU.ActiveCfg = Release|Any CPU
		{4A044F04-ACCB-463E-8033-009FE1E1BAFC}.Release|Any CPU.Build.0 = Release|Any CPU
	EndGlobalSection
	GlobalSection(SolutionProperties) = preSolution
		HideSolutionNode = FALSE
	EndGlobalSection
	GlobalSection(NestedProjects) = preSolution
		{1CFAE6A3-7928-439E-B090-78924A0FCA58} = {0D8209DB-7023-48E6-85ED-028BF82BA802}
		{34A5731E-BA8A-453D-991B-743EA7AF233B} = {A204570A-C4BD-4F8D-9368-A6618A7F3A7F}
		{7E3C3A6D-E865-48F6-BEF9-8D8695952245} = {A204570A-C4BD-4F8D-9368-A6618A7F3A7F}
		{B5BB0444-673D-4D62-93BA-5B66242C8AAD} = {0D8209DB-7023-48E6-85ED-028BF82BA802}
		{89F57C6A-A1C1-4907-9982-AE4E731198DA} = {45B6CAFB-D06E-4530-8546-F9C7BAE95D96}
		{DFDFAD02-CBFE-4EE1-9B26-8D5823E9EB41} = {C9B0D647-20C1-4D71-997D-5DE29813E28A}
		{1E88D830-F603-402A-9152-DA9DE54D0576} = {C9B0D647-20C1-4D71-997D-5DE29813E28A}
		{F344E240-D8F8-4528-B034-98ABCD406DCA} = {45B6CAFB-D06E-4530-8546-F9C7BAE95D96}
		{2C8CAAC8-AEC7-4317-B22F-ED9953E9465D} = {0D8209DB-7023-48E6-85ED-028BF82BA802}
		{09545265-C876-4F3A-8D4C-C951D099F074} = {45B6CAFB-D06E-4530-8546-F9C7BAE95D96}
		{3B6897C6-E911-4F67-9659-DA0EDB6CF390} = {1EF8335F-D997-4E35-861D-1023A245AD9E}
		{E69ED2A4-42CF-4AC1-A06C-A9F9B0CC8C5B} = {1EF8335F-D997-4E35-861D-1023A245AD9E}
		{51A3651D-068B-413B-A8E7-99F0A5BE408E} = {671D1A3F-CE83-4CA1-90CD-F42C1F124E28}
		{4A044F04-ACCB-463E-8033-009FE1E1BAFC} = {671D1A3F-CE83-4CA1-90CD-F42C1F124E28}
		{0D8209DB-7023-48E6-85ED-028BF82BA802} = {E846D8C9-E927-43E8-8B46-CEA3ADB50F6F}
		{1EF8335F-D997-4E35-861D-1023A245AD9E} = {E846D8C9-E927-43E8-8B46-CEA3ADB50F6F}
		{45B6CAFB-D06E-4530-8546-F9C7BAE95D96} = {6F484706-EDFC-49EF-A419-D3F6943C2E36}
		{671D1A3F-CE83-4CA1-90CD-F42C1F124E28} = {6F484706-EDFC-49EF-A419-D3F6943C2E36}
		{A204570A-C4BD-4F8D-9368-A6618A7F3A7F} = {0D8209DB-7023-48E6-85ED-028BF82BA802}
		{C9B0D647-20C1-4D71-997D-5DE29813E28A} = {45B6CAFB-D06E-4530-8546-F9C7BAE95D96}
	EndGlobalSection
	GlobalSection(ExtensibilityGlobals) = postSolution
		SolutionGuid = {653AE7A1-A4C4-42F2-9804-FE7E032C3E8C}
	EndGlobalSection
EndGlobal
